schema: '2.0'
stages:
  ingest_data:
    cmd: python src\phuocsiu\pipeline\data_ingest_pipepline.py
    deps:
    - path: config\config.yaml
      hash: md5
      md5: 74aced2035901938f7ed5231127c7cbe
      size: 665
    - path: src\phuocsiu\pipeline\data_ingest_pipepline.py
      hash: md5
      md5: 76a2a69f314b316986b2a2d6554ae485
      size: 2172
    outs:
    - path: artifacts\data_ingestion
      hash: md5
      md5: fb8c136cdbca08abab5de940905c45b7.dir
      size: 84199
      nfiles: 1
  train:
    cmd: python src\phuocsiu\pipeline\train_pipeline.py
    deps:
    - path: config\config.yaml
      hash: md5
      md5: 74aced2035901938f7ed5231127c7cbe
      size: 665
    - path: params.yaml
      hash: md5
      md5: a033632794d7e6e920fbd3484e8d0c17
      size: 16
    - path: src\phuocsiu\pipeline\train_pipeline.py
      hash: md5
      md5: 129e8326e3c1ae5e075498961905366d
      size: 1542
    outs:
    - path: artifacts\models
      hash: md5
      md5: a6a4314eea86c09fe451135864332c4d.dir
      size: 7719232
      nfiles: 1
  valid:
    cmd: python src\phuocsiu\pipeline\valid_pipeline.py
    deps:
    - path: config\config.yaml
      hash: md5
      md5: 74aced2035901938f7ed5231127c7cbe
      size: 665
    - path: params.yaml
      hash: md5
      md5: a033632794d7e6e920fbd3484e8d0c17
      size: 16
    - path: src\phuocsiu\pipeline\valid_pipeline.py
      hash: md5
      md5: 6746a455e2ea967035d5a40ced6396d0
      size: 2701
